
Microsoft Visual Studio Solution File, Format Version 12.00
# Visual Studio Version 17
VisualStudioVersion = 17.9.34728.123
MinimumVisualStudioVersion = 10.0.40219.1
Project("{2150E333-8FDC-42A3-9474-1A3956D46DE8}") = "src", "src", "{D4A0C377-FA87-4290-BFD7-6CE5461C1B1E}"
EndProject
Project("{2150E333-8FDC-42A3-9474-1A3956D46DE8}") = "DataAccessLayer", "DataAccessLayer", "{E45D0743-A703-4ED1-8F73-E1C66062D150}"
EndProject
Project("{9A19103F-16F7-4668-BE54-9A1E7A4F7556}") = "ETicket.Db.Web.Host", "ETicket.Db.Web.Host\ETicket.Db.Web.Host.csproj", "{7553CC39-8239-472C-BB7F-D5B996A12A85}"
EndProject
Project("{9A19103F-16F7-4668-BE54-9A1E7A4F7556}") = "ETicket.Db.Dal", "ETicket.Db.Dal\ETicket.Db.Dal.csproj", "{23D8696F-9B0B-411E-9D34-F72C7C9E276B}"
EndProject
Project("{9A19103F-16F7-4668-BE54-9A1E7A4F7556}") = "ETicket.Db.Domain", "ETicket.Db.Domain\ETicket.Db.Domain.csproj", "{877A57F1-4C02-4DCD-AD12-28E6DAA7E936}"
EndProject
Project("{2150E333-8FDC-42A3-9474-1A3956D46DE8}") = "BusinessLogicLayer", "BusinessLogicLayer", "{4529413D-F983-43B0-9550-6FC8C184F172}"
EndProject
Project("{9A19103F-16F7-4668-BE54-9A1E7A4F7556}") = "ETicket.Bll", "ETicket.Bll\ETicket.Bll.csproj", "{3F04B528-5BF7-4D98-99E5-787C527A463E}"
EndProject
Project("{2150E333-8FDC-42A3-9474-1A3956D46DE8}") = "WebApi", "WebApi", "{A8BA89F1-DD89-4E98-951B-005DD6E0FBFC}"
EndProject
Project("{9A19103F-16F7-4668-BE54-9A1E7A4F7556}") = "ETicket.Api", "ETicket.Api\ETicket.Api.csproj", "{5AF6521F-FA33-4DF6-B1B7-6CFCC91395A0}"
EndProject
Project("{2150E333-8FDC-42A3-9474-1A3956D46DE8}") = "test", "test", "{FA5E90FA-DF5A-412E-BCF7-805666141F17}"
EndProject
Project("{FAE04EC0-301F-11D3-BF4B-00C04F79EFBC}") = "ETicket.Tests", "ETicket.Tests\ETicket.Tests.csproj", "{1FD87E82-EAAA-4BE3-8C97-A1ED2DE4EA6B}"
EndProject
Global
	GlobalSection(SolutionConfigurationPlatforms) = preSolution
		Debug|Any CPU = Debug|Any CPU
		Release|Any CPU = Release|Any CPU
	EndGlobalSection
	GlobalSection(ProjectConfigurationPlatforms) = postSolution
		{7553CC39-8239-472C-BB7F-D5B996A12A85}.Debug|Any CPU.ActiveCfg = Debug|Any CPU
		{7553CC39-8239-472C-BB7F-D5B996A12A85}.Debug|Any CPU.Build.0 = Debug|Any CPU
		{7553CC39-8239-472C-BB7F-D5B996A12A85}.Release|Any CPU.ActiveCfg = Release|Any CPU
		{7553CC39-8239-472C-BB7F-D5B996A12A85}.Release|Any CPU.Build.0 = Release|Any CPU
		{23D8696F-9B0B-411E-9D34-F72C7C9E276B}.Debug|Any CPU.ActiveCfg = Debug|Any CPU
		{23D8696F-9B0B-411E-9D34-F72C7C9E276B}.Debug|Any CPU.Build.0 = Debug|Any CPU
		{23D8696F-9B0B-411E-9D34-F72C7C9E276B}.Release|Any CPU.ActiveCfg = Release|Any CPU
		{23D8696F-9B0B-411E-9D34-F72C7C9E276B}.Release|Any CPU.Build.0 = Release|Any CPU
		{877A57F1-4C02-4DCD-AD12-28E6DAA7E936}.Debug|Any CPU.ActiveCfg = Debug|Any CPU
		{877A57F1-4C02-4DCD-AD12-28E6DAA7E936}.Debug|Any CPU.Build.0 = Debug|Any CPU
		{877A57F1-4C02-4DCD-AD12-28E6DAA7E936}.Release|Any CPU.ActiveCfg = Release|Any CPU
		{877A57F1-4C02-4DCD-AD12-28E6DAA7E936}.Release|Any CPU.Build.0 = Release|Any CPU
		{3F04B528-5BF7-4D98-99E5-787C527A463E}.Debug|Any CPU.ActiveCfg = Debug|Any CPU
		{3F04B528-5BF7-4D98-99E5-787C527A463E}.Debug|Any CPU.Build.0 = Debug|Any CPU
		{3F04B528-5BF7-4D98-99E5-787C527A463E}.Release|Any CPU.ActiveCfg = Release|Any CPU
		{3F04B528-5BF7-4D98-99E5-787C527A463E}.Release|Any CPU.Build.0 = Release|Any CPU
		{5AF6521F-FA33-4DF6-B1B7-6CFCC91395A0}.Debug|Any CPU.ActiveCfg = Debug|Any CPU
		{5AF6521F-FA33-4DF6-B1B7-6CFCC91395A0}.Debug|Any CPU.Build.0 = Debug|Any CPU
		{5AF6521F-FA33-4DF6-B1B7-6CFCC91395A0}.Release|Any CPU.ActiveCfg = Release|Any CPU
		{5AF6521F-FA33-4DF6-B1B7-6CFCC91395A0}.Release|Any CPU.Build.0 = Release|Any CPU
		{1FD87E82-EAAA-4BE3-8C97-A1ED2DE4EA6B}.Debug|Any CPU.ActiveCfg = Debug|Any CPU
		{1FD87E82-EAAA-4BE3-8C97-A1ED2DE4EA6B}.Debug|Any CPU.Build.0 = Debug|Any CPU
		{1FD87E82-EAAA-4BE3-8C97-A1ED2DE4EA6B}.Release|Any CPU.ActiveCfg = Release|Any CPU
		{1FD87E82-EAAA-4BE3-8C97-A1ED2DE4EA6B}.Release|Any CPU.Build.0 = Release|Any CPU
	EndGlobalSection
	GlobalSection(SolutionProperties) = preSolution
		HideSolutionNode = FALSE
	EndGlobalSection
	GlobalSection(NestedProjects) = preSolution
		{E45D0743-A703-4ED1-8F73-E1C66062D150} = {D4A0C377-FA87-4290-BFD7-6CE5461C1B1E}
		{7553CC39-8239-472C-BB7F-D5B996A12A85} = {E45D0743-A703-4ED1-8F73-E1C66062D150}
		{23D8696F-9B0B-411E-9D34-F72C7C9E276B} = {E45D0743-A703-4ED1-8F73-E1C66062D150}
		{877A57F1-4C02-4DCD-AD12-28E6DAA7E936} = {E45D0743-A703-4ED1-8F73-E1C66062D150}
		{4529413D-F983-43B0-9550-6FC8C184F172} = {D4A0C377-FA87-4290-BFD7-6CE5461C1B1E}
		{3F04B528-5BF7-4D98-99E5-787C527A463E} = {4529413D-F983-43B0-9550-6FC8C184F172}
		{A8BA89F1-DD89-4E98-951B-005DD6E0FBFC} = {D4A0C377-FA87-4290-BFD7-6CE5461C1B1E}
		{5AF6521F-FA33-4DF6-B1B7-6CFCC91395A0} = {A8BA89F1-DD89-4E98-951B-005DD6E0FBFC}
		{1FD87E82-EAAA-4BE3-8C97-A1ED2DE4EA6B} = {FA5E90FA-DF5A-412E-BCF7-805666141F17}
	EndGlobalSection
	GlobalSection(ExtensibilityGlobals) = postSolution
		SolutionGuid = {B44EDCB7-CB9B-44AB-A73B-FA6C0093D98E}
	EndGlobalSection
EndGlobal
